
Microsoft Visual Studio Solution File, Format Version 12.00
# Visual Studio Version 17
VisualStudioVersion = 17.9.34728.123
MinimumVisualStudioVersion = 10.0.40219.1
Project("{8BC9CEB8-8B4A-11D0-8D11-00A0C91BC942}") = "laboratorna4", "laboratorna4\laboratorna4.vcxproj", "{5A5A65DB-C1F5-4809-911A-DB28101F5E8A}"
EndProject
Global
	GlobalSection(SolutionConfigurationPlatforms) = preSolution
		Debug|x64 = Debug|x64
		Debug|x86 = Debug|x86
		Release|x64 = Release|x64
		Release|x86 = Release|x86
	EndGlobalSection
	GlobalSection(ProjectConfigurationPlatforms) = postSolution
		{5A5A65DB-C1F5-4809-911A-DB28101F5E8A}.Debug|x64.ActiveCfg = Debug|x64
		{5A5A65DB-C1F5-4809-911A-DB28101F5E8A}.Debug|x64.Build.0 = Debug|x64
		{5A5A65DB-C1F5-4809-911A-DB28101F5E8A}.Debug|x86.ActiveCfg = Debug|Win32
		{5A5A65DB-C1F5-4809-911A-DB28101F5E8A}.Debug|x86.Build.0 = Debug|Win32
		{5A5A65DB-C1F5-4809-911A-DB28101F5E8A}.Release|x64.ActiveCfg = Release|x64
		{5A5A65DB-C1F5-4809-911A-DB28101F5E8A}.Release|x64.Build.0 = Release|x64
		{5A5A65DB-C1F5-4809-911A-DB28101F5E8A}.Release|x86.ActiveCfg = Release|Win32
		{5A5A65DB-C1F5-4809-911A-DB28101F5E8A}.Release|x86.Build.0 = Release|Win32
	EndGlobalSection
	GlobalSection(SolutionProperties) = preSolution
		HideSolutionNode = FALSE
	EndGlobalSection
	GlobalSection(ExtensibilityGlobals) = postSolution
		SolutionGuid = {6A53BC3F-4D2B-43C8-91FD-370352BC8EE5}
	EndGlobalSection
EndGlobal
